
Microsoft Visual Studio Solution File, Format Version 12.00
# Visual Studio Version 16
VisualStudioVersion = 16.0.30907.101
MinimumVisualStudioVersion = 10.0.40219.1
Project("{FAE04EC0-301F-11D3-BF4B-00C04F79EFBC}") = "NZApp", "NZApp.csproj", "{979EB367-29D2-4CAF-845C-B93EFD054799}"
EndProject
Global
	GlobalSection(SolutionConfigurationPlatforms) = preSolution
		Debug|Any CPU = Debug|Any CPU
		Release|Any CPU = Release|Any CPU
	EndGlobalSection
	GlobalSection(ProjectConfigurationPlatforms) = postSolution
		{979EB367-29D2-4CAF-845C-B93EFD054799}.Debug|Any CPU.ActiveCfg = Debug|Any CPU
		{979EB367-29D2-4CAF-845C-B93EFD054799}.Debug|Any CPU.Build.0 = Debug|Any CPU
		{979EB367-29D2-4CAF-845C-B93EFD054799}.Release|Any CPU.ActiveCfg = Release|Any CPU
		{979EB367-29D2-4CAF-845C-B93EFD054799}.Release|Any CPU.Build.0 = Release|Any CPU
	EndGlobalSection
	GlobalSection(SolutionProperties) = preSolution
		HideSolutionNode = FALSE
	EndGlobalSection
	GlobalSection(ExtensibilityGlobals) = postSolution
		SolutionGuid = {C078B7AA-E2ED-4F81-A4C4-3480A2DE7082}
	EndGlobalSection
EndGlobal
